
Microsoft Visual Studio Solution File, Format Version 12.00
# Visual Studio Version 17
VisualStudioVersion = 17.0.31903.59
MinimumVisualStudioVersion = 10.0.40219.1
Project("{2150E333-8FDC-42A3-9474-1A3956D46DE8}") = "auth-service", "auth-service", "{0034DDB9-D8DB-19F2-E616-15F2258A817C}"
EndProject
Project("{FAE04EC0-301F-11D3-BF4B-00C04F79EFBC}") = "Auth.Api", "auth-service\Auth.Api\Auth.Api.csproj", "{E25D4CC2-F07A-4BC4-9B73-1FF5C796AEDB}"
EndProject
Project("{FAE04EC0-301F-11D3-BF4B-00C04F79EFBC}") = "Auth.Application", "auth-service\Auth.Application\Auth.Application.csproj", "{3245564B-ADB0-4D23-A253-8B21584B74FA}"
EndProject
Project("{FAE04EC0-301F-11D3-BF4B-00C04F79EFBC}") = "Auth.Domain", "auth-service\Auth.Domain\Auth.Domain.csproj", "{E42BBA1C-4B1E-434E-8CD6-B6109300638F}"
EndProject
Project("{FAE04EC0-301F-11D3-BF4B-00C04F79EFBC}") = "Auth.Infrastructure", "auth-service\Auth.Infrastructure\Auth.Infrastructure.csproj", "{48062E17-E11A-48D6-B953-E811CE9E42A0}"
EndProject
Project("{2150E333-8FDC-42A3-9474-1A3956D46DE8}") = "control-service", "control-service", "{84AD01E5-D14D-E88F-3EF8-DD4CD90B33E0}"
EndProject
Project("{FAE04EC0-301F-11D3-BF4B-00C04F79EFBC}") = "Control.Api", "control-service\Control.Api\Control.Api.csproj", "{5D4F1830-FE0D-4DDD-ADB9-12DCB2480A06}"
EndProject
Project("{FAE04EC0-301F-11D3-BF4B-00C04F79EFBC}") = "Control.Application", "control-service\Control.Application\Control.Application.csproj", "{0ABB0CDA-82B1-4359-9961-19B22F4FC9A4}"
EndProject
Project("{FAE04EC0-301F-11D3-BF4B-00C04F79EFBC}") = "Control.Domain", "control-service\Control.Domain\Control.Domain.csproj", "{A2B12ABD-219D-4887-819D-7F833EE4098D}"
EndProject
Project("{FAE04EC0-301F-11D3-BF4B-00C04F79EFBC}") = "Control.Infrastructure", "control-service\Control.Infrastructure\Control.Infrastructure.csproj", "{6E2170A2-831C-45C1-BA6B-CCACAB0BB738}"
EndProject
Project("{2150E333-8FDC-42A3-9474-1A3956D46DE8}") = "massload-service", "massload-service", "{95C2DC90-0E9A-84E7-8520-71DB44AC32CF}"
EndProject
Project("{FAE04EC0-301F-11D3-BF4B-00C04F79EFBC}") = "MassLoad.Api", "massload-service\MassLoad.Api\MassLoad.Api.csproj", "{BD4B64E4-35A6-4FB3-932C-AAAAB7628383}"
EndProject
Project("{FAE04EC0-301F-11D3-BF4B-00C04F79EFBC}") = "MassLoad.Application", "massload-service\MassLoad.Application\MassLoad.Application.csproj", "{D9ACAE79-D885-4129-B37F-2F88E264588E}"
EndProject
Project("{2150E333-8FDC-42A3-9474-1A3956D46DE8}") = "notification-service", "notification-service", "{D4CFF5E1-BA47-08FE-F45C-A59D81FF1F65}"
EndProject
Project("{FAE04EC0-301F-11D3-BF4B-00C04F79EFBC}") = "Notification.Api", "notification-service\Notification.Api\Notification.Api.csproj", "{FA0ED2AA-A240-40CF-8847-720A17AE1E78}"
EndProject
Project("{FAE04EC0-301F-11D3-BF4B-00C04F79EFBC}") = "Notification.Application", "notification-service\Notification.Application\Notification.Application.csproj", "{73CF13B7-361A-4EDA-8FD3-A6CA10430D0F}"
EndProject
Project("{2150E333-8FDC-42A3-9474-1A3956D46DE8}") = "gateway", "gateway", "{E7BDDBC6-9FD1-D1D7-ACD8-2C4F8E3D2461}"
EndProject
Project("{FAE04EC0-301F-11D3-BF4B-00C04F79EFBC}") = "Gateway.Api", "gateway\Gateway.Api\Gateway.Api.csproj", "{24061AEC-06FE-4D83-9891-DE10EFD1FEB0}"
EndProject
Global
	GlobalSection(SolutionConfigurationPlatforms) = preSolution
		Debug|Any CPU = Debug|Any CPU
		Debug|x64 = Debug|x64
		Debug|x86 = Debug|x86
		Release|Any CPU = Release|Any CPU
		Release|x64 = Release|x64
		Release|x86 = Release|x86
	EndGlobalSection
	GlobalSection(ProjectConfigurationPlatforms) = postSolution
		{E25D4CC2-F07A-4BC4-9B73-1FF5C796AEDB}.Debug|Any CPU.ActiveCfg = Debug|Any CPU
		{E25D4CC2-F07A-4BC4-9B73-1FF5C796AEDB}.Debug|Any CPU.Build.0 = Debug|Any CPU
		{E25D4CC2-F07A-4BC4-9B73-1FF5C796AEDB}.Debug|x64.ActiveCfg = Debug|Any CPU
		{E25D4CC2-F07A-4BC4-9B73-1FF5C796AEDB}.Debug|x64.Build.0 = Debug|Any CPU
		{E25D4CC2-F07A-4BC4-9B73-1FF5C796AEDB}.Debug|x86.ActiveCfg = Debug|Any CPU
		{E25D4CC2-F07A-4BC4-9B73-1FF5C796AEDB}.Debug|x86.Build.0 = Debug|Any CPU
		{E25D4CC2-F07A-4BC4-9B73-1FF5C796AEDB}.Release|Any CPU.ActiveCfg = Release|Any CPU
		{E25D4CC2-F07A-4BC4-9B73-1FF5C796AEDB}.Release|Any CPU.Build.0 = Release|Any CPU
		{E25D4CC2-F07A-4BC4-9B73-1FF5C796AEDB}.Release|x64.ActiveCfg = Release|Any CPU
		{E25D4CC2-F07A-4BC4-9B73-1FF5C796AEDB}.Release|x64.Build.0 = Release|Any CPU
		{E25D4CC2-F07A-4BC4-9B73-1FF5C796AEDB}.Release|x86.ActiveCfg = Release|Any CPU
		{E25D4CC2-F07A-4BC4-9B73-1FF5C796AEDB}.Release|x86.Build.0 = Release|Any CPU
		{3245564B-ADB0-4D23-A253-8B21584B74FA}.Debug|Any CPU.ActiveCfg = Debug|Any CPU
		{3245564B-ADB0-4D23-A253-8B21584B74FA}.Debug|Any CPU.Build.0 = Debug|Any CPU
		{3245564B-ADB0-4D23-A253-8B21584B74FA}.Debug|x64.ActiveCfg = Debug|Any CPU
		{3245564B-ADB0-4D23-A253-8B21584B74FA}.Debug|x64.Build.0 = Debug|Any CPU
		{3245564B-ADB0-4D23-A253-8B21584B74FA}.Debug|x86.ActiveCfg = Debug|Any CPU
		{3245564B-ADB0-4D23-A253-8B21584B74FA}.Debug|x86.Build.0 = Debug|Any CPU
		{3245564B-ADB0-4D23-A253-8B21584B74FA}.Release|Any CPU.ActiveCfg = Release|Any CPU
		{3245564B-ADB0-4D23-A253-8B21584B74FA}.Release|Any CPU.Build.0 = Release|Any CPU
		{3245564B-ADB0-4D23-A253-8B21584B74FA}.Release|x64.ActiveCfg = Release|Any CPU
		{3245564B-ADB0-4D23-A253-8B21584B74FA}.Release|x64.Build.0 = Release|Any CPU
		{3245564B-ADB0-4D23-A253-8B21584B74FA}.Release|x86.ActiveCfg = Release|Any CPU
		{3245564B-ADB0-4D23-A253-8B21584B74FA}.Release|x86.Build.0 = Release|Any CPU
		{E42BBA1C-4B1E-434E-8CD6-B6109300638F}.Debug|Any CPU.ActiveCfg = Debug|Any CPU
		{E42BBA1C-4B1E-434E-8CD6-B6109300638F}.Debug|Any CPU.Build.0 = Debug|Any CPU
		{E42BBA1C-4B1E-434E-8CD6-B6109300638F}.Debug|x64.ActiveCfg = Debug|Any CPU
		{E42BBA1C-4B1E-434E-8CD6-B6109300638F}.Debug|x64.Build.0 = Debug|Any CPU
		{E42BBA1C-4B1E-434E-8CD6-B6109300638F}.Debug|x86.ActiveCfg = Debug|Any CPU
		{E42BBA1C-4B1E-434E-8CD6-B6109300638F}.Debug|x86.Build.0 = Debug|Any CPU
		{E42BBA1C-4B1E-434E-8CD6-B6109300638F}.Release|Any CPU.ActiveCfg = Release|Any CPU
		{E42BBA1C-4B1E-434E-8CD6-B6109300638F}.Release|Any CPU.Build.0 = Release|Any CPU
		{E42BBA1C-4B1E-434E-8CD6-B6109300638F}.Release|x64.ActiveCfg = Release|Any CPU
		{E42BBA1C-4B1E-434E-8CD6-B6109300638F}.Release|x64.Build.0 = Release|Any CPU
		{E42BBA1C-4B1E-434E-8CD6-B6109300638F}.Release|x86.ActiveCfg = Release|Any CPU
		{E42BBA1C-4B1E-434E-8CD6-B6109300638F}.Release|x86.Build.0 = Release|Any CPU
		{48062E17-E11A-48D6-B953-E811CE9E42A0}.Debug|Any CPU.ActiveCfg = Debug|Any CPU
		{48062E17-E11A-48D6-B953-E811CE9E42A0}.Debug|Any CPU.Build.0 = Debug|Any CPU
		{48062E17-E11A-48D6-B953-E811CE9E42A0}.Debug|x64.ActiveCfg = Debug|Any CPU
		{48062E17-E11A-48D6-B953-E811CE9E42A0}.Debug|x64.Build.0 = Debug|Any CPU
		{48062E17-E11A-48D6-B953-E811CE9E42A0}.Debug|x86.ActiveCfg = Debug|Any CPU
		{48062E17-E11A-48D6-B953-E811CE9E42A0}.Debug|x86.Build.0 = Debug|Any CPU
		{48062E17-E11A-48D6-B953-E811CE9E42A0}.Release|Any CPU.ActiveCfg = Release|Any CPU
		{48062E17-E11A-48D6-B953-E811CE9E42A0}.Release|Any CPU.Build.0 = Release|Any CPU
		{48062E17-E11A-48D6-B953-E811CE9E42A0}.Release|x64.ActiveCfg = Release|Any CPU
		{48062E17-E11A-48D6-B953-E811CE9E42A0}.Release|x64.Build.0 = Release|Any CPU
		{48062E17-E11A-48D6-B953-E811CE9E42A0}.Release|x86.ActiveCfg = Release|Any CPU
		{48062E17-E11A-48D6-B953-E811CE9E42A0}.Release|x86.Build.0 = Release|Any CPU
		{5D4F1830-FE0D-4DDD-ADB9-12DCB2480A06}.Debug|Any CPU.ActiveCfg = Debug|Any CPU
		{5D4F1830-FE0D-4DDD-ADB9-12DCB2480A06}.Debug|Any CPU.Build.0 = Debug|Any CPU
		{5D4F1830-FE0D-4DDD-ADB9-12DCB2480A06}.Debug|x64.ActiveCfg = Debug|Any CPU
		{5D4F1830-FE0D-4DDD-ADB9-12DCB2480A06}.Debug|x64.Build.0 = Debug|Any CPU
		{5D4F1830-FE0D-4DDD-ADB9-12DCB2480A06}.Debug|x86.ActiveCfg = Debug|Any CPU
		{5D4F1830-FE0D-4DDD-ADB9-12DCB2480A06}.Debug|x86.Build.0 = Debug|Any CPU
		{5D4F1830-FE0D-4DDD-ADB9-12DCB2480A06}.Release|Any CPU.ActiveCfg = Release|Any CPU
		{5D4F1830-FE0D-4DDD-ADB9-12DCB2480A06}.Release|Any CPU.Build.0 = Release|Any CPU
		{5D4F1830-FE0D-4DDD-ADB9-12DCB2480A06}.Release|x64.ActiveCfg = Release|Any CPU
		{5D4F1830-FE0D-4DDD-ADB9-12DCB2480A06}.Release|x64.Build.0 = Release|Any CPU
		{5D4F1830-FE0D-4DDD-ADB9-12DCB2480A06}.Release|x86.ActiveCfg = Release|Any CPU
		{5D4F1830-FE0D-4DDD-ADB9-12DCB2480A06}.Release|x86.Build.0 = Release|Any CPU
		{0ABB0CDA-82B1-4359-9961-19B22F4FC9A4}.Debug|Any CPU.ActiveCfg = Debug|Any CPU
		{0ABB0CDA-82B1-4359-9961-19B22F4FC9A4}.Debug|Any CPU.Build.0 = Debug|Any CPU
		{0ABB0CDA-82B1-4359-9961-19B22F4FC9A4}.Debug|x64.ActiveCfg = Debug|Any CPU
		{0ABB0CDA-82B1-4359-9961-19B22F4FC9A4}.Debug|x64.Build.0 = Debug|Any CPU
		{0ABB0CDA-82B1-4359-9961-19B22F4FC9A4}.Debug|x86.ActiveCfg = Debug|Any CPU
		{0ABB0CDA-82B1-4359-9961-19B22F4FC9A4}.Debug|x86.Build.0 = Debug|Any CPU
		{0ABB0CDA-82B1-4359-9961-19B22F4FC9A4}.Release|Any CPU.ActiveCfg = Release|Any CPU
		{0ABB0CDA-82B1-4359-9961-19B22F4FC9A4}.Release|Any CPU.Build.0 = Release|Any CPU
		{0ABB0CDA-82B1-4359-9961-19B22F4FC9A4}.Release|x64.ActiveCfg = Release|Any CPU
		{0ABB0CDA-82B1-4359-9961-19B22F4FC9A4}.Release|x64.Build.0 = Release|Any CPU
		{0ABB0CDA-82B1-4359-9961-19B22F4FC9A4}.Release|x86.ActiveCfg = Release|Any CPU
		{0ABB0CDA-82B1-4359-9961-19B22F4FC9A4}.Release|x86.Build.0 = Release|Any CPU
		{A2B12ABD-219D-4887-819D-7F833EE4098D}.Debug|Any CPU.ActiveCfg = Debug|Any CPU
		{A2B12ABD-219D-4887-819D-7F833EE4098D}.Debug|Any CPU.Build.0 = Debug|Any CPU
		{A2B12ABD-219D-4887-819D-7F833EE4098D}.Debug|x64.ActiveCfg = Debug|Any CPU
		{A2B12ABD-219D-4887-819D-7F833EE4098D}.Debug|x64.Build.0 = Debug|Any CPU
		{A2B12ABD-219D-4887-819D-7F833EE4098D}.Debug|x86.ActiveCfg = Debug|Any CPU
		{A2B12ABD-219D-4887-819D-7F833EE4098D}.Debug|x86.Build.0 = Debug|Any CPU
		{A2B12ABD-219D-4887-819D-7F833EE4098D}.Release|Any CPU.ActiveCfg = Release|Any CPU
		{A2B12ABD-219D-4887-819D-7F833EE4098D}.Release|Any CPU.Build.0 = Release|Any CPU
		{A2B12ABD-219D-4887-819D-7F833EE4098D}.Release|x64.ActiveCfg = Release|Any CPU
		{A2B12ABD-219D-4887-819D-7F833EE4098D}.Release|x64.Build.0 = Release|Any CPU
		{A2B12ABD-219D-4887-819D-7F833EE4098D}.Release|x86.ActiveCfg = Release|Any CPU
		{A2B12ABD-219D-4887-819D-7F833EE4098D}.Release|x86.Build.0 = Release|Any CPU
		{6E2170A2-831C-45C1-BA6B-CCACAB0BB738}.Debug|Any CPU.ActiveCfg = Debug|Any CPU
		{6E2170A2-831C-45C1-BA6B-CCACAB0BB738}.Debug|Any CPU.Build.0 = Debug|Any CPU
		{6E2170A2-831C-45C1-BA6B-CCACAB0BB738}.Debug|x64.ActiveCfg = Debug|Any CPU
		{6E2170A2-831C-45C1-BA6B-CCACAB0BB738}.Debug|x64.Build.0 = Debug|Any CPU
		{6E2170A2-831C-45C1-BA6B-CCACAB0BB738}.Debug|x86.ActiveCfg = Debug|Any CPU
		{6E2170A2-831C-45C1-BA6B-CCACAB0BB738}.Debug|x86.Build.0 = Debug|Any CPU
		{6E2170A2-831C-45C1-BA6B-CCACAB0BB738}.Release|Any CPU.ActiveCfg = Release|Any CPU
		{6E2170A2-831C-45C1-BA6B-CCACAB0BB738}.Release|Any CPU.Build.0 = Release|Any CPU
		{6E2170A2-831C-45C1-BA6B-CCACAB0BB738}.Release|x64.ActiveCfg = Release|Any CPU
		{6E2170A2-831C-45C1-BA6B-CCACAB0BB738}.Release|x64.Build.0 = Release|Any CPU
		{6E2170A2-831C-45C1-BA6B-CCACAB0BB738}.Release|x86.ActiveCfg = Release|Any CPU
		{6E2170A2-831C-45C1-BA6B-CCACAB0BB738}.Release|x86.Build.0 = Release|Any CPU
		{BD4B64E4-35A6-4FB3-932C-AAAAB7628383}.Debug|Any CPU.ActiveCfg = Debug|Any CPU
		{BD4B64E4-35A6-4FB3-932C-AAAAB7628383}.Debug|Any CPU.Build.0 = Debug|Any CPU
		{BD4B64E4-35A6-4FB3-932C-AAAAB7628383}.Debug|x64.ActiveCfg = Debug|Any CPU
		{BD4B64E4-35A6-4FB3-932C-AAAAB7628383}.Debug|x64.Build.0 = Debug|Any CPU
		{BD4B64E4-35A6-4FB3-932C-AAAAB7628383}.Debug|x86.ActiveCfg = Debug|Any CPU
		{BD4B64E4-35A6-4FB3-932C-AAAAB7628383}.Debug|x86.Build.0 = Debug|Any CPU
		{BD4B64E4-35A6-4FB3-932C-AAAAB7628383}.Release|Any CPU.ActiveCfg = Release|Any CPU
		{BD4B64E4-35A6-4FB3-932C-AAAAB7628383}.Release|Any CPU.Build.0 = Release|Any CPU
		{BD4B64E4-35A6-4FB3-932C-AAAAB7628383}.Release|x64.ActiveCfg = Release|Any CPU
		{BD4B64E4-35A6-4FB3-932C-AAAAB7628383}.Release|x64.Build.0 = Release|Any CPU
		{BD4B64E4-35A6-4FB3-932C-AAAAB7628383}.Release|x86.ActiveCfg = Release|Any CPU
		{BD4B64E4-35A6-4FB3-932C-AAAAB7628383}.Release|x86.Build.0 = Release|Any CPU
		{D9ACAE79-D885-4129-B37F-2F88E264588E}.Debug|Any CPU.ActiveCfg = Debug|Any CPU
		{D9ACAE79-D885-4129-B37F-2F88E264588E}.Debug|Any CPU.Build.0 = Debug|Any CPU
		{D9ACAE79-D885-4129-B37F-2F88E264588E}.Debug|x64.ActiveCfg = Debug|Any CPU
		{D9ACAE79-D885-4129-B37F-2F88E264588E}.Debug|x64.Build.0 = Debug|Any CPU
		{D9ACAE79-D885-4129-B37F-2F88E264588E}.Debug|x86.ActiveCfg = Debug|Any CPU
		{D9ACAE79-D885-4129-B37F-2F88E264588E}.Debug|x86.Build.0 = Debug|Any CPU
		{D9ACAE79-D885-4129-B37F-2F88E264588E}.Release|Any CPU.ActiveCfg = Release|Any CPU
		{D9ACAE79-D885-4129-B37F-2F88E264588E}.Release|Any CPU.Build.0 = Release|Any CPU
		{D9ACAE79-D885-4129-B37F-2F88E264588E}.Release|x64.ActiveCfg = Release|Any CPU
		{D9ACAE79-D885-4129-B37F-2F88E264588E}.Release|x64.Build.0 = Release|Any CPU
		{D9ACAE79-D885-4129-B37F-2F88E264588E}.Release|x86.ActiveCfg = Release|Any CPU
		{D9ACAE79-D885-4129-B37F-2F88E264588E}.Release|x86.Build.0 = Release|Any CPU
		{FA0ED2AA-A240-40CF-8847-720A17AE1E78}.Debug|Any CPU.ActiveCfg = Debug|Any CPU
		{FA0ED2AA-A240-40CF-8847-720A17AE1E78}.Debug|Any CPU.Build.0 = Debug|Any CPU
		{FA0ED2AA-A240-40CF-8847-720A17AE1E78}.Debug|x64.ActiveCfg = Debug|Any CPU
		{FA0ED2AA-A240-40CF-8847-720A17AE1E78}.Debug|x64.Build.0 = Debug|Any CPU
		{FA0ED2AA-A240-40CF-8847-720A17AE1E78}.Debug|x86.ActiveCfg = Debug|Any CPU
		{FA0ED2AA-A240-40CF-8847-720A17AE1E78}.Debug|x86.Build.0 = Debug|Any CPU
		{FA0ED2AA-A240-40CF-8847-720A17AE1E78}.Release|Any CPU.ActiveCfg = Release|Any CPU
		{FA0ED2AA-A240-40CF-8847-720A17AE1E78}.Release|Any CPU.Build.0 = Release|Any CPU
		{FA0ED2AA-A240-40CF-8847-720A17AE1E78}.Release|x64.ActiveCfg = Release|Any CPU
		{FA0ED2AA-A240-40CF-8847-720A17AE1E78}.Release|x64.Build.0 = Release|Any CPU
		{FA0ED2AA-A240-40CF-8847-720A17AE1E78}.Release|x86.ActiveCfg = Release|Any CPU
		{FA0ED2AA-A240-40CF-8847-720A17AE1E78}.Release|x86.Build.0 = Release|Any CPU
		{73CF13B7-361A-4EDA-8FD3-A6CA10430D0F}.Debug|Any CPU.ActiveCfg = Debug|Any CPU
		{73CF13B7-361A-4EDA-8FD3-A6CA10430D0F}.Debug|Any CPU.Build.0 = Debug|Any CPU
		{73CF13B7-361A-4EDA-8FD3-A6CA10430D0F}.Debug|x64.ActiveCfg = Debug|Any CPU
		{73CF13B7-361A-4EDA-8FD3-A6CA10430D0F}.Debug|x64.Build.0 = Debug|Any CPU
		{73CF13B7-361A-4EDA-8FD3-A6CA10430D0F}.Debug|x86.ActiveCfg = Debug|Any CPU
		{73CF13B7-361A-4EDA-8FD3-A6CA10430D0F}.Debug|x86.Build.0 = Debug|Any CPU
		{73CF13B7-361A-4EDA-8FD3-A6CA10430D0F}.Release|Any CPU.ActiveCfg = Release|Any CPU
		{73CF13B7-361A-4EDA-8FD3-A6CA10430D0F}.Release|Any CPU.Build.0 = Release|Any CPU
		{73CF13B7-361A-4EDA-8FD3-A6CA10430D0F}.Release|x64.ActiveCfg = Release|Any CPU
		{73CF13B7-361A-4EDA-8FD3-A6CA10430D0F}.Release|x64.Build.0 = Release|Any CPU
		{73CF13B7-361A-4EDA-8FD3-A6CA10430D0F}.Release|x86.ActiveCfg = Release|Any CPU
		{73CF13B7-361A-4EDA-8FD3-A6CA10430D0F}.Release|x86.Build.0 = Release|Any CPU
		{24061AEC-06FE-4D83-9891-DE10EFD1FEB0}.Debug|Any CPU.ActiveCfg = Debug|Any CPU
		{24061AEC-06FE-4D83-9891-DE10EFD1FEB0}.Debug|Any CPU.Build.0 = Debug|Any CPU
		{24061AEC-06FE-4D83-9891-DE10EFD1FEB0}.Debug|x64.ActiveCfg = Debug|Any CPU
		{24061AEC-06FE-4D83-9891-DE10EFD1FEB0}.Debug|x64.Build.0 = Debug|Any CPU
		{24061AEC-06FE-4D83-9891-DE10EFD1FEB0}.Debug|x86.ActiveCfg = Debug|Any CPU
		{24061AEC-06FE-4D83-9891-DE10EFD1FEB0}.Debug|x86.Build.0 = Debug|Any CPU
		{24061AEC-06FE-4D83-9891-DE10EFD1FEB0}.Release|Any CPU.ActiveCfg = Release|Any CPU
		{24061AEC-06FE-4D83-9891-DE10EFD1FEB0}.Release|Any CPU.Build.0 = Release|Any CPU
		{24061AEC-06FE-4D83-9891-DE10EFD1FEB0}.Release|x64.ActiveCfg = Release|Any CPU
		{24061AEC-06FE-4D83-9891-DE10EFD1FEB0}.Release|x64.Build.0 = Release|Any CPU
		{24061AEC-06FE-4D83-9891-DE10EFD1FEB0}.Release|x86.ActiveCfg = Release|Any CPU
		{24061AEC-06FE-4D83-9891-DE10EFD1FEB0}.Release|x86.Build.0 = Release|Any CPU
	EndGlobalSection
	GlobalSection(SolutionProperties) = preSolution
		HideSolutionNode = FALSE
	EndGlobalSection
	GlobalSection(NestedProjects) = preSolution
		{E25D4CC2-F07A-4BC4-9B73-1FF5C796AEDB} = {0034DDB9-D8DB-19F2-E616-15F2258A817C}
		{3245564B-ADB0-4D23-A253-8B21584B74FA} = {0034DDB9-D8DB-19F2-E616-15F2258A817C}
		{E42BBA1C-4B1E-434E-8CD6-B6109300638F} = {0034DDB9-D8DB-19F2-E616-15F2258A817C}
		{48062E17-E11A-48D6-B953-E811CE9E42A0} = {0034DDB9-D8DB-19F2-E616-15F2258A817C}
		{5D4F1830-FE0D-4DDD-ADB9-12DCB2480A06} = {84AD01E5-D14D-E88F-3EF8-DD4CD90B33E0}
		{0ABB0CDA-82B1-4359-9961-19B22F4FC9A4} = {84AD01E5-D14D-E88F-3EF8-DD4CD90B33E0}
		{A2B12ABD-219D-4887-819D-7F833EE4098D} = {84AD01E5-D14D-E88F-3EF8-DD4CD90B33E0}
		{6E2170A2-831C-45C1-BA6B-CCACAB0BB738} = {84AD01E5-D14D-E88F-3EF8-DD4CD90B33E0}
		{BD4B64E4-35A6-4FB3-932C-AAAAB7628383} = {95C2DC90-0E9A-84E7-8520-71DB44AC32CF}
		{D9ACAE79-D885-4129-B37F-2F88E264588E} = {95C2DC90-0E9A-84E7-8520-71DB44AC32CF}
		{FA0ED2AA-A240-40CF-8847-720A17AE1E78} = {D4CFF5E1-BA47-08FE-F45C-A59D81FF1F65}
		{73CF13B7-361A-4EDA-8FD3-A6CA10430D0F} = {D4CFF5E1-BA47-08FE-F45C-A59D81FF1F65}
		{24061AEC-06FE-4D83-9891-DE10EFD1FEB0} = {E7BDDBC6-9FD1-D1D7-ACD8-2C4F8E3D2461}
	EndGlobalSection
	GlobalSection(ExtensibilityGlobals) = postSolution
		SolutionGuid = {556707A1-E298-4F94-BBAC-9164885C9AAF}
	EndGlobalSection
EndGlobal
